
Microsoft Visual Studio Solution File, Format Version 12.00
# Visual Studio Version 17
VisualStudioVersion = 17.8.34322.80
MinimumVisualStudioVersion = 10.0.40219.1
Project("{FAE04EC0-301F-11D3-BF4B-00C04F79EFBC}") = "IndexedClasses_Ice1", "IndexedClasses_Ice1\IndexedClasses_Ice1.csproj", "{2264EC14-BFE0-4E1A-A723-8D7E0560C2C1}"
EndProject
Project("{FAE04EC0-301F-11D3-BF4B-00C04F79EFBC}") = "IndexedClasses_Test", "IndexedClasses_Test\IndexedClasses_Test.csproj", "{02AE881F-7885-4953-A64E-531305CB7963}"
EndProject
Global
	GlobalSection(SolutionConfigurationPlatforms) = preSolution
		Debug|Any CPU = Debug|Any CPU
		Release|Any CPU = Release|Any CPU
	EndGlobalSection
	GlobalSection(ProjectConfigurationPlatforms) = postSolution
		{2264EC14-BFE0-4E1A-A723-8D7E0560C2C1}.Debug|Any CPU.ActiveCfg = Debug|Any CPU
		{2264EC14-BFE0-4E1A-A723-8D7E0560C2C1}.Debug|Any CPU.Build.0 = Debug|Any CPU
		{2264EC14-BFE0-4E1A-A723-8D7E0560C2C1}.Release|Any CPU.ActiveCfg = Release|Any CPU
		{2264EC14-BFE0-4E1A-A723-8D7E0560C2C1}.Release|Any CPU.Build.0 = Release|Any CPU
		{02AE881F-7885-4953-A64E-531305CB7963}.Debug|Any CPU.ActiveCfg = Debug|Any CPU
		{02AE881F-7885-4953-A64E-531305CB7963}.Debug|Any CPU.Build.0 = Debug|Any CPU
		{02AE881F-7885-4953-A64E-531305CB7963}.Release|Any CPU.ActiveCfg = Release|Any CPU
		{02AE881F-7885-4953-A64E-531305CB7963}.Release|Any CPU.Build.0 = Release|Any CPU
	EndGlobalSection
	GlobalSection(SolutionProperties) = preSolution
		HideSolutionNode = FALSE
	EndGlobalSection
	GlobalSection(ExtensibilityGlobals) = postSolution
		SolutionGuid = {AB3AF842-0572-497A-84B1-378F77734F80}
	EndGlobalSection
EndGlobal
